
Microsoft Visual Studio Solution File, Format Version 12.00
# Visual Studio Version 17
VisualStudioVersion = 17.5.33516.290
MinimumVisualStudioVersion = 10.0.40219.1
Project("{FAE04EC0-301F-11D3-BF4B-00C04F79EFBC}") = "Snake", "Snake.csproj", "{A01037F5-37B0-4663-ACD1-A036D8713F57}"
EndProject
Global
	GlobalSection(SolutionConfigurationPlatforms) = preSolution
		Debug|Any CPU = Debug|Any CPU
		Release|Any CPU = Release|Any CPU
	EndGlobalSection
	GlobalSection(ProjectConfigurationPlatforms) = postSolution
		{A01037F5-37B0-4663-ACD1-A036D8713F57}.Debug|Any CPU.ActiveCfg = Debug|Any CPU
		{A01037F5-37B0-4663-ACD1-A036D8713F57}.Debug|Any CPU.Build.0 = Debug|Any CPU
		{A01037F5-37B0-4663-ACD1-A036D8713F57}.Release|Any CPU.ActiveCfg = Release|Any CPU
		{A01037F5-37B0-4663-ACD1-A036D8713F57}.Release|Any CPU.Build.0 = Release|Any CPU
	EndGlobalSection
	GlobalSection(SolutionProperties) = preSolution
		HideSolutionNode = FALSE
	EndGlobalSection
	GlobalSection(ExtensibilityGlobals) = postSolution
		SolutionGuid = {27738A86-3F53-4951-8CFD-B8A069EB2A9A}
	EndGlobalSection
EndGlobal
